// !$*UTF8*$!
{
	archiveVersion = 1;
	classes = {
	};
	objectVersion = 48;
	objects = {

/* Begin PBXBuildFile section */
		391D12F620BE64A4003C696A /* iOSDevCenters+GIF.swift in Sources */ = {isa = PBXBuildFile; fileRef = 391D12F520BE64A4003C696A /* iOSDevCenters+GIF.swift */; };
		391D12F820BE6708003C696A /* giphy.gif in Resources */ = {isa = PBXBuildFile; fileRef = 391D12F720BE6708003C696A /* giphy.gif */; };
		391D12FA20BE6DC4003C696A /* firework_sound.mp3 in Resources */ = {isa = PBXBuildFile; fileRef = 391D12F920BE6DC4003C696A /* firework_sound.mp3 */; };
		39C7555920BE3B6800E19825 /* AppDelegate.swift in Sources */ = {isa = PBXBuildFile; fileRef = 39C7555820BE3B6800E19825 /* AppDelegate.swift */; };
		39C7555E20BE3B6800E19825 /* Main.storyboard in Resources */ = {isa = PBXBuildFile; fileRef = 39C7555C20BE3B6800E19825 /* Main.storyboard */; };
		39C7556020BE3B6800E19825 /* Assets.xcassets in Resources */ = {isa = PBXBuildFile; fileRef = 39C7555F20BE3B6800E19825 /* Assets.xcassets */; };
		39C7556320BE3B6800E19825 /* LaunchScreen.storyboard in Resources */ = {isa = PBXBuildFile; fileRef = 39C7556120BE3B6800E19825 /* LaunchScreen.storyboard */; };
		39C7556B20BE413A00E19825 /* MainViewController.swift in Sources */ = {isa = PBXBuildFile; fileRef = 39C7556A20BE413A00E19825 /* MainViewController.swift */; };
		39C7556D20BE45C000E19825 /* FirstViewController.swift in Sources */ = {isa = PBXBuildFile; fileRef = 39C7556C20BE45C000E19825 /* FirstViewController.swift */; };
		39C7556F20BE45C900E19825 /* SeymaViewController.swift in Sources */ = {isa = PBXBuildFile; fileRef = 39C7556E20BE45C900E19825 /* SeymaViewController.swift */; };
		39C7557120BE4EED00E19825 /* ViewController.swift in Sources */ = {isa = PBXBuildFile; fileRef = 39C7557020BE4EED00E19825 /* ViewController.swift */; };
/* End PBXBuildFile section */

/* Begin PBXFileReference section */
		391D12F520BE64A4003C696A /* iOSDevCenters+GIF.swift */ = {isa = PBXFileReference; fileEncoding = 4; lastKnownFileType = sourcecode.swift; path = "iOSDevCenters+GIF.swift"; sourceTree = "<group>"; };
		391D12F720BE6708003C696A /* giphy.gif */ = {isa = PBXFileReference; lastKnownFileType = image.gif; path = giphy.gif; sourceTree = "<group>"; };
		391D12F920BE6DC4003C696A /* firework_sound.mp3 */ = {isa = PBXFileReference; lastKnownFileType = audio.mp3; path = firework_sound.mp3; sourceTree = "<group>"; };
		39C7555520BE3B6800E19825 /* James.app */ = {isa = PBXFileReference; explicitFileType = wrapper.application; includeInIndex = 0; path = James.app; sourceTree = BUILT_PRODUCTS_DIR; };
		39C7555820BE3B6800E19825 /* AppDelegate.swift */ = {isa = PBXFileReference; lastKnownFileType = sourcecode.swift; path = AppDelegate.swift; sourceTree = "<group>"; };
		39C7555D20BE3B6800E19825 /* Base */ = {isa = PBXFileReference; lastKnownFileType = file.storyboard; name = Base; path = Base.lproj/Main.storyboard; sourceTree = "<group>"; };
		39C7555F20BE3B6800E19825 /* Assets.xcassets */ = {isa = PBXFileReference; lastKnownFileType = folder.assetcatalog; path = Assets.xcassets; sourceTree = "<group>"; };
		39C7556220BE3B6800E19825 /* Base */ = {isa = PBXFileReference; lastKnownFileType = file.storyboard; name = Base; path = Base.lproj/LaunchScreen.storyboard; sourceTree = "<group>"; };
		39C7556420BE3B6800E19825 /* Info.plist */ = {isa = PBXFileReference; lastKnownFileType = text.plist.xml; path = Info.plist; sourceTree = "<group>"; };
		39C7556A20BE413A00E19825 /* MainViewController.swift */ = {isa = PBXFileReference; lastKnownFileType = sourcecode.swift; path = MainViewController.swift; sourceTree = "<group>"; };
		39C7556C20BE45C000E19825 /* FirstViewController.swift */ = {isa = PBXFileReference; lastKnownFileType = sourcecode.swift; path = FirstViewController.swift; sourceTree = "<group>"; };
		39C7556E20BE45C900E19825 /* SeymaViewController.swift */ = {isa = PBXFileReference; lastKnownFileType = sourcecode.swift; path = SeymaViewController.swift; sourceTree = "<group>"; };
		39C7557020BE4EED00E19825 /* ViewController.swift */ = {isa = PBXFileReference; lastKnownFileType = sourcecode.swift; path = ViewController.swift; sourceTree = "<group>"; };
/* End PBXFileReference section */

/* Begin PBXFrameworksBuildPhase section */
		39C7555220BE3B6800E19825 /* Frameworks */ = {
			isa = PBXFrameworksBuildPhase;
			buildActionMask = 2147483647;
			files = (
			);
			runOnlyForDeploymentPostprocessing = 0;
		};
/* End PBXFrameworksBuildPhase section */

/* Begin PBXGroup section */
		39C7554C20BE3B6800E19825 = {
			isa = PBXGroup;
			children = (
				39C7555720BE3B6800E19825 /* James */,
				39C7555620BE3B6800E19825 /* Products */,
			);
			sourceTree = "<group>";
		};
		39C7555620BE3B6800E19825 /* Products */ = {
			isa = PBXGroup;
			children = (
				39C7555520BE3B6800E19825 /* James.app */,
			);
			name = Products;
			sourceTree = "<group>";
		};
		39C7555720BE3B6800E19825 /* James */ = {
			isa = PBXGroup;
			children = (
				39C7555820BE3B6800E19825 /* AppDelegate.swift */,
				39C7556A20BE413A00E19825 /* MainViewController.swift */,
				39C7555C20BE3B6800E19825 /* Main.storyboard */,
				39C7555F20BE3B6800E19825 /* Assets.xcassets */,
				39C7556120BE3B6800E19825 /* LaunchScreen.storyboard */,
				39C7556420BE3B6800E19825 /* Info.plist */,
				391D12F520BE64A4003C696A /* iOSDevCenters+GIF.swift */,
				39C7556C20BE45C000E19825 /* FirstViewController.swift */,
				39C7556E20BE45C900E19825 /* SeymaViewController.swift */,
				39C7557020BE4EED00E19825 /* ViewController.swift */,
				391D12F920BE6DC4003C696A /* firework_sound.mp3 */,
				391D12F720BE6708003C696A /* giphy.gif */,
			);
			path = James;
			sourceTree = "<group>";
		};
/* End PBXGroup section */

/* Begin PBXNativeTarget section */
		39C7555420BE3B6800E19825 /* James */ = {
			isa = PBXNativeTarget;
			buildConfigurationList = 39C7556720BE3B6800E19825 /* Build configuration list for PBXNativeTarget "James" */;
			buildPhases = (
				39C7555120BE3B6800E19825 /* Sources */,
				39C7555220BE3B6800E19825 /* Frameworks */,
				39C7555320BE3B6800E19825 /* Resources */,
			);
			buildRules = (
			);
			dependencies = (
			);
			name = James;
			productName = James;
			productReference = 39C7555520BE3B6800E19825 /* James.app */;
			productType = "com.apple.product-type.application";
		};
/* End PBXNativeTarget section */

/* Begin PBXProject section */
		39C7554D20BE3B6800E19825 /* Project object */ = {
			isa = PBXProject;
			attributes = {
				LastSwiftUpdateCheck = 0920;
				LastUpgradeCheck = 0930;
				ORGANIZATIONNAME = "Vansa Pha";
				TargetAttributes = {
					39C7555420BE3B6800E19825 = {
						CreatedOnToolsVersion = 9.2;
						ProvisioningStyle = Automatic;
					};
				};
			};
			buildConfigurationList = 39C7555020BE3B6800E19825 /* Build configuration list for PBXProject "James" */;
			compatibilityVersion = "Xcode 8.0";
			developmentRegion = en;
			hasScannedForEncodings = 0;
			knownRegions = (
				en,
				Base,
			);
			mainGroup = 39C7554C20BE3B6800E19825;
			productRefGroup = 39C7555620BE3B6800E19825 /* Products */;
			projectDirPath = "";
			projectRoot = "";
			targets = (
				39C7555420BE3B6800E19825 /* James */,
			);
		};
/* End PBXProject section */

/* Begin PBXResourcesBuildPhase section */
		39C7555320BE3B6800E19825 /* Resources */ = {
			isa = PBXResourcesBuildPhase;
			buildActionMask = 2147483647;
			files = (
				391D12FA20BE6DC4003C696A /* firework_sound.mp3 in Resources */,
				39C7556320BE3B6800E19825 /* LaunchScreen.storyboard in Resources */,
				39C7556020BE3B6800E19825 /* Assets.xcassets in Resources */,
				391D12F820BE6708003C696A /* giphy.gif in Resources */,
				39C7555E20BE3B6800E19825 /* Main.storyboard in Resources */,
			);
			runOnlyForDeploymentPostprocessing = 0;
		};
/* End PBXResourcesBuildPhase section */

/* Begin PBXSourcesBuildPhase section */
		39C7555120BE3B6800E19825 /* Sources */ = {
			isa = PBXSourcesBuildPhase;
			buildActionMask = 2147483647;
			files = (
				39C7557120BE4EED00E19825 /* ViewController.swift in Sources */,
				391D12F620BE64A4003C696A /* iOSDevCenters+GIF.swift in Sources */,
				39C7556D20BE45C000E19825 /* FirstViewController.swift in Sources */,
				39C7555920BE3B6800E19825 /* AppDelegate.swift in Sources */,
				39C7556F20BE45C900E19825 /* SeymaViewController.swift in Sources */,
				39C7556B20BE413A00E19825 /* MainViewController.swift in Sources */,
			);
			runOnlyForDeploymentPostprocessing = 0;
		};
/* End PBXSourcesBuildPhase section */

/* Begin PBXVariantGroup section */
		39C7555C20BE3B6800E19825 /* Main.storyboard */ = {
			isa = PBXVariantGroup;
			children = (
				39C7555D20BE3B6800E19825 /* Base */,
			);
			name = Main.storyboard;
			sourceTree = "<group>";
		};
		39C7556120BE3B6800E19825 /* LaunchScreen.storyboard */ = {
			isa = PBXVariantGroup;
			children = (
				39C7556220BE3B6800E19825 /* Base */,
			);
			name = LaunchScreen.storyboard;
			sourceTree = "<group>";
		};
/* End PBXVariantGroup section */

/* Begin XCBuildConfiguration section */
		39C7556520BE3B6800E19825 /* Debug */ = {
			isa = XCBuildConfiguration;
			buildSettings = {
				ALWAYS_SEARCH_USER_PATHS = NO;
				CLANG_ANALYZER_NONNULL = YES;
				CLANG_ANALYZER_NUMBER_OBJECT_CONVERSION = YES_AGGRESSIVE;
				CLANG_CXX_LANGUAGE_STANDARD = "gnu++14";
				CLANG_CXX_LIBRARY = "libc++";
				CLANG_ENABLE_MODULES = YES;
				CLANG_ENABLE_OBJC_ARC = YES;
				CLANG_WARN_BLOCK_CAPTURE_AUTORELEASING = YES;
				CLANG_WARN_BOOL_CONVERSION = YES;
				CLANG_WARN_COMMA = YES;
				CLANG_WARN_CONSTANT_CONVERSION = YES;
				CLANG_WARN_DEPRECATED_OBJC_IMPLEMENTATIONS = YES;
				CLANG_WARN_DIRECT_OBJC_ISA_USAGE = YES_ERROR;
				CLANG_WARN_DOCUMENTATION_COMMENTS = YES;
				CLANG_WARN_EMPTY_BODY = YES;
				CLANG_WARN_ENUM_CONVERSION = YES;
				CLANG_WARN_INFINITE_RECURSION = YES;
				CLANG_WARN_INT_CONVERSION = YES;
				CLANG_WARN_NON_LITERAL_NULL_CONVERSION = YES;
				CLANG_WARN_OBJC_IMPLICIT_RETAIN_SELF = YES;
				CLANG_WARN_OBJC_LITERAL_CONVERSION = YES;
				CLANG_WARN_OBJC_ROOT_CLASS = YES_ERROR;
				CLANG_WARN_RANGE_LOOP_ANALYSIS = YES;
				CLANG_WARN_STRICT_PROTOTYPES = YES;
				CLANG_WARN_SUSPICIOUS_MOVE = YES;
				CLANG_WARN_UNGUARDED_AVAILABILITY = YES_AGGRESSIVE;
				CLANG_WARN_UNREACHABLE_CODE = YES;
				CLANG_WARN__DUPLICATE_METHOD_MATCH = YES;
				CODE_SIGN_IDENTITY = "iPhone Developer";
				COPY_PHASE_STRIP = NO;
				DEBUG_INFORMATION_FORMAT = dwarf;
				ENABLE_STRICT_OBJC_MSGSEND = YES;
				ENABLE_TESTABILITY = YES;
				GCC_C_LANGUAGE_STANDARD = gnu11;
				GCC_DYNAMIC_NO_PIC = NO;
				GCC_NO_COMMON_BLOCKS = YES;
				GCC_OPTIMIZATION_LEVEL = 0;
				GCC_PREPROCESSOR_DEFINITIONS = (
					"DEBUG=1",
					"$(inherited)",
				);
				GCC_WARN_64_TO_32_BIT_CONVERSION = YES;
				GCC_WARN_ABOUT_RETURN_TYPE = YES_ERROR;
				GCC_WARN_UNDECLARED_SELECTOR = YES;
				GCC_WARN_UNINITIALIZED_AUTOS = YES_AGGRESSIVE;
				GCC_WARN_UNUSED_FUNCTION = YES;
				GCC_WARN_UNUSED_VARIABLE = YES;
				IPHONEOS_DEPLOYMENT_TARGET = 11.2;
				MTL_ENABLE_DEBUG_INFO = YES;
				ONLY_ACTIVE_ARCH = YES;
				SDKROOT = iphoneos;
				SWIFT_ACTIVE_COMPILATION_CONDITIONS = DEBUG;
				SWIFT_OPTIMIZATION_LEVEL = "-Onone";
			};
			name = Debug;
		};
		39C7556620BE3B6800E19825 /* Release */ = {
			isa = XCBuildConfiguration;
			buildSettings = {
				ALWAYS_SEARCH_USER_PATHS = NO;
				CLANG_ANALYZER_NONNULL = YES;
				CLANG_ANALYZER_NUMBER_OBJECT_CONVERSION = YES_AGGRESSIVE;
				CLANG_CXX_LANGUAGE_STANDARD = "gnu++14";
				CLANG_CXX_LIBRARY = "libc++";
				CLANG_ENABLE_MODULES = YES;
				CLANG_ENABLE_OBJC_ARC = YES;
				CLANG_WARN_BLOCK_CAPTURE_AUTORELEASING = YES;
				CLANG_WARN_BOOL_CONVERSION = YES;
				CLANG_WARN_COMMA = YES;
				CLANG_WARN_CONSTANT_CONVERSION = YES;
				CLANG_WARN_DEPRECATED_OBJC_IMPLEMENTATIONS = YES;
				CLANG_WARN_DIRECT_OBJC_ISA_USAGE = YES_ERROR;
				CLANG_WARN_DOCUMENTATION_COMMENTS = YES;
				CLANG_WARN_EMPTY_BODY = YES;
				CLANG_WARN_ENUM_CONVERSION = YES;
				CLANG_WARN_INFINITE_RECURSION = YES;
				CLANG_WARN_INT_CONVERSION = YES;
				CLANG_WARN_NON_LITERAL_NULL_CONVERSION = YES;
				CLANG_WARN_OBJC_IMPLICIT_RETAIN_SELF = YES;
				CLANG_WARN_OBJC_LITERAL_CONVERSION = YES;
				CLANG_WARN_OBJC_ROOT_CLASS = YES_ERROR;
				CLANG_WARN_RANGE_LOOP_ANALYSIS = YES;
				CLANG_WARN_STRICT_PROTOTYPES = YES;
				CLANG_WARN_SUSPICIOUS_MOVE = YES;
				CLANG_WARN_UNGUARDED_AVAILABILITY = YES_AGGRESSIVE;
				CLANG_WARN_UNREACHABLE_CODE = YES;
				CLANG_WARN__DUPLICATE_METHOD_MATCH = YES;
				CODE_SIGN_IDENTITY = "iPhone Developer";
				COPY_PHASE_STRIP = NO;
				DEBUG_INFORMATION_FORMAT = "dwarf-with-dsym";
				ENABLE_NS_ASSERTIONS = NO;
				ENABLE_STRICT_OBJC_MSGSEND = YES;
				GCC_C_LANGUAGE_STANDARD = gnu11;
				GCC_NO_COMMON_BLOCKS = YES;
				GCC_WARN_64_TO_32_BIT_CONVERSION = YES;
				GCC_WARN_ABOUT_RETURN_TYPE = YES_ERROR;
				GCC_WARN_UNDECLARED_SELECTOR = YES;
				GCC_WARN_UNINITIALIZED_AUTOS = YES_AGGRESSIVE;
				GCC_WARN_UNUSED_FUNCTION = YES;
				GCC_WARN_UNUSED_VARIABLE = YES;
				IPHONEOS_DEPLOYMENT_TARGET = 11.2;
				MTL_ENABLE_DEBUG_INFO = NO;
				SDKROOT = iphoneos;
				SWIFT_OPTIMIZATION_LEVEL = "-Owholemodule";
				VALIDATE_PRODUCT = YES;
			};
			name = Release;
		};
		39C7556820BE3B6800E19825 /* Debug */ = {
			isa = XCBuildConfiguration;
			buildSettings = {
				ASSETCATALOG_COMPILER_APPICON_NAME = AppIcon;
				CODE_SIGN_STYLE = Automatic;
				DEVELOPMENT_TEAM = 62EMNW6G6D;
				INFOPLIST_FILE = James/Info.plist;
				IPHONEOS_DEPLOYMENT_TARGET = 11.2;
				LD_RUNPATH_SEARCH_PATHS = "$(inherited) @executable_path/Frameworks";
				PRODUCT_BUNDLE_IDENTIFIER = com.kosign.Jame;
				PRODUCT_NAME = "$(TARGET_NAME)";
				SWIFT_VERSION = 4.0;
				TARGETED_DEVICE_FAMILY = 1;
			};
			name = Debug;
		};
		39C7556920BE3B6800E19825 /* Release */ = {
			isa = XCBuildConfiguration;
			buildSettings = {
				ASSETCATALOG_COMPILER_APPICON_NAME = AppIcon;
				CODE_SIGN_STYLE = Automatic;
				DEVELOPMENT_TEAM = 62EMNW6G6D;
				INFOPLIST_FILE = James/Info.plist;
				IPHONEOS_DEPLOYMENT_TARGET = 11.2;
				LD_RUNPATH_SEARCH_PATHS = "$(inherited) @executable_path/Frameworks";
				PRODUCT_BUNDLE_IDENTIFIER = com.kosign.Jame;
				PRODUCT_NAME = "$(TARGET_NAME)";
				SWIFT_VERSION = 4.0;
				TARGETED_DEVICE_FAMILY = 1;
			};
			name = Release;
		};
/* End XCBuildConfiguration section */

/* Begin XCConfigurationList section */
		39C7555020BE3B6800E19825 /* Build configuration list for PBXProject "James" */ = {
			isa = XCConfigurationList;
			buildConfigurations = (
				39C7556520BE3B6800E19825 /* Debug */,
				39C7556620BE3B6800E19825 /* Release */,
			);
			defaultConfigurationIsVisible = 0;
			defaultConfigurationName = Release;
		};
		39C7556720BE3B6800E19825 /* Build configuration list for PBXNativeTarget "James" */ = {
			isa = XCConfigurationList;
			buildConfigurations = (
				39C7556820BE3B6800E19825 /* Debug */,
				39C7556920BE3B6800E19825 /* Release */,
			);
			defaultConfigurationIsVisible = 0;
			defaultConfigurationName = Release;
		};
/* End XCConfigurationList section */
	};
	rootObject = 39C7554D20BE3B6800E19825 /* Project object */;
}
